
Microsoft Visual Studio Solution File, Format Version 12.00
# Visual Studio Version 17
VisualStudioVersion = 17.0.31903.59
MinimumVisualStudioVersion = 10.0.40219.1
Project("{FAE04EC0-301F-11D3-BF4B-00C04F79EFBC}") = "myFinaceService", "myFinaceService\myFinaceService.csproj", "{BC2EF1C3-C376-4219-BD5E-E1EA56547952}"
EndProject
Project("{FAE04EC0-301F-11D3-BF4B-00C04F79EFBC}") = "myTodoService", "myTodoService\myTodoService.csproj", "{1407736C-B63C-4800-B052-56FD41B434AA}"
EndProject
Project("{2150E333-8FDC-42A3-9474-1A3956D46DE8}") = "myTodoService", "myTodoService", "{D65EB7B3-95DF-4F3B-9A81-73E28202F64C}"
EndProject
Project("{FAE04EC0-301F-11D3-BF4B-00C04F79EFBC}") = "myTodoService.Tests", "myTodoService\myTodoService.Tests\myTodoService.Tests.csproj", "{30D01FF8-44C7-4106-8858-C4B372897259}"
EndProject
Global
	GlobalSection(SolutionConfigurationPlatforms) = preSolution
		Debug|Any CPU = Debug|Any CPU
		Release|Any CPU = Release|Any CPU
	EndGlobalSection
	GlobalSection(SolutionProperties) = preSolution
		HideSolutionNode = FALSE
	EndGlobalSection
	GlobalSection(ProjectConfigurationPlatforms) = postSolution
		{BC2EF1C3-C376-4219-BD5E-E1EA56547952}.Debug|Any CPU.ActiveCfg = Debug|Any CPU
		{BC2EF1C3-C376-4219-BD5E-E1EA56547952}.Debug|Any CPU.Build.0 = Debug|Any CPU
		{BC2EF1C3-C376-4219-BD5E-E1EA56547952}.Release|Any CPU.ActiveCfg = Release|Any CPU
		{BC2EF1C3-C376-4219-BD5E-E1EA56547952}.Release|Any CPU.Build.0 = Release|Any CPU
		{1407736C-B63C-4800-B052-56FD41B434AA}.Debug|Any CPU.ActiveCfg = Debug|Any CPU
		{1407736C-B63C-4800-B052-56FD41B434AA}.Debug|Any CPU.Build.0 = Debug|Any CPU
		{1407736C-B63C-4800-B052-56FD41B434AA}.Release|Any CPU.ActiveCfg = Release|Any CPU
		{1407736C-B63C-4800-B052-56FD41B434AA}.Release|Any CPU.Build.0 = Release|Any CPU
		{30D01FF8-44C7-4106-8858-C4B372897259}.Debug|Any CPU.ActiveCfg = Debug|Any CPU
		{30D01FF8-44C7-4106-8858-C4B372897259}.Debug|Any CPU.Build.0 = Debug|Any CPU
		{30D01FF8-44C7-4106-8858-C4B372897259}.Release|Any CPU.ActiveCfg = Release|Any CPU
		{30D01FF8-44C7-4106-8858-C4B372897259}.Release|Any CPU.Build.0 = Release|Any CPU
	EndGlobalSection
	GlobalSection(NestedProjects) = preSolution
		{1407736C-B63C-4800-B052-56FD41B434AA} = {D65EB7B3-95DF-4F3B-9A81-73E28202F64C}
		{30D01FF8-44C7-4106-8858-C4B372897259} = {D65EB7B3-95DF-4F3B-9A81-73E28202F64C}
	EndGlobalSection
EndGlobal
